// !$*UTF8*$!
{
	archiveVersion = 1;
	classes = {
	};
	objectVersion = 56;
	objects = {

/* Begin PBXBuildFile section */
		22DC839B295F1C020075961F /* FitnessApp.swift in Sources */ = {isa = PBXBuildFile; fileRef = 22DC839A295F1C020075961F /* FitnessApp.swift */; };
		22DC839D295F1C020075961F /* ContentView.swift in Sources */ = {isa = PBXBuildFile; fileRef = 22DC839C295F1C020075961F /* ContentView.swift */; };
		22DC839F295F1C040075961F /* Assets.xcassets in Resources */ = {isa = PBXBuildFile; fileRef = 22DC839E295F1C040075961F /* Assets.xcassets */; };
		22DC83A2295F1C040075961F /* Preview Assets.xcassets in Resources */ = {isa = PBXBuildFile; fileRef = 22DC83A1295F1C040075961F /* Preview Assets.xcassets */; };
		22DC83A9295F236D0075961F /* ExerciseListView.swift in Sources */ = {isa = PBXBuildFile; fileRef = 22DC83A8295F236D0075961F /* ExerciseListView.swift */; };
		22DC83AB295F24920075961F /* CategoryListView.swift in Sources */ = {isa = PBXBuildFile; fileRef = 22DC83AA295F24920075961F /* CategoryListView.swift */; };
		22DC83B0295F3A460075961F /* CoreData.framework in Frameworks */ = {isa = PBXBuildFile; fileRef = 22DC83AF295F3A460075961F /* CoreData.framework */; };
		22DC83B3295F416B0075961F /* Model.xcdatamodeld in Sources */ = {isa = PBXBuildFile; fileRef = 22DC83B1295F416B0075961F /* Model.xcdatamodeld */; };
		22DC83B5295F44970075961F /* DataController.swift in Sources */ = {isa = PBXBuildFile; fileRef = 22DC83B4295F44970075961F /* DataController.swift */; };
		22DC83B7295F4C3F0075961F /* AddExerciseView.swift in Sources */ = {isa = PBXBuildFile; fileRef = 22DC83B6295F4C3F0075961F /* AddExerciseView.swift */; };
		22DC83BA29604A180075961F /* CategoryView.swift in Sources */ = {isa = PBXBuildFile; fileRef = 22DC83B929604A180075961F /* CategoryView.swift */; };
		22DC83BC296196B20075961F /* ExerciseView.swift in Sources */ = {isa = PBXBuildFile; fileRef = 22DC83BB296196B20075961F /* ExerciseView.swift */; };
/* End PBXBuildFile section */

/* Begin PBXFileReference section */
		22DC8397295F1C020075961F /* Fitness.app */ = {isa = PBXFileReference; explicitFileType = wrapper.application; includeInIndex = 0; path = Fitness.app; sourceTree = BUILT_PRODUCTS_DIR; };
		22DC839A295F1C020075961F /* FitnessApp.swift */ = {isa = PBXFileReference; lastKnownFileType = sourcecode.swift; path = FitnessApp.swift; sourceTree = "<group>"; };
		22DC839C295F1C020075961F /* ContentView.swift */ = {isa = PBXFileReference; lastKnownFileType = sourcecode.swift; path = ContentView.swift; sourceTree = "<group>"; };
		22DC839E295F1C040075961F /* Assets.xcassets */ = {isa = PBXFileReference; lastKnownFileType = folder.assetcatalog; path = Assets.xcassets; sourceTree = "<group>"; };
		22DC83A1295F1C040075961F /* Preview Assets.xcassets */ = {isa = PBXFileReference; lastKnownFileType = folder.assetcatalog; path = "Preview Assets.xcassets"; sourceTree = "<group>"; };
		22DC83A8295F236D0075961F /* ExerciseListView.swift */ = {isa = PBXFileReference; lastKnownFileType = sourcecode.swift; path = ExerciseListView.swift; sourceTree = "<group>"; };
		22DC83AA295F24920075961F /* CategoryListView.swift */ = {isa = PBXFileReference; lastKnownFileType = sourcecode.swift; path = CategoryListView.swift; sourceTree = "<group>"; };
		22DC83AF295F3A460075961F /* CoreData.framework */ = {isa = PBXFileReference; lastKnownFileType = wrapper.framework; name = CoreData.framework; path = System/Library/Frameworks/CoreData.framework; sourceTree = SDKROOT; };
		22DC83B2295F416B0075961F /* Model.xcdatamodel */ = {isa = PBXFileReference; lastKnownFileType = wrapper.xcdatamodel; path = Model.xcdatamodel; sourceTree = "<group>"; };
		22DC83B4295F44970075961F /* DataController.swift */ = {isa = PBXFileReference; lastKnownFileType = sourcecode.swift; path = DataController.swift; sourceTree = "<group>"; };
		22DC83B6295F4C3F0075961F /* AddExerciseView.swift */ = {isa = PBXFileReference; lastKnownFileType = sourcecode.swift; path = AddExerciseView.swift; sourceTree = "<group>"; };
		22DC83B8296031070075961F /* Info.plist */ = {isa = PBXFileReference; lastKnownFileType = text.plist; path = Info.plist; sourceTree = "<group>"; };
		22DC83B929604A180075961F /* CategoryView.swift */ = {isa = PBXFileReference; lastKnownFileType = sourcecode.swift; path = CategoryView.swift; sourceTree = "<group>"; };
		22DC83BB296196B20075961F /* ExerciseView.swift */ = {isa = PBXFileReference; lastKnownFileType = sourcecode.swift; path = ExerciseView.swift; sourceTree = "<group>"; };
/* End PBXFileReference section */

/* Begin PBXFrameworksBuildPhase section */
		22DC8394295F1C020075961F /* Frameworks */ = {
			isa = PBXFrameworksBuildPhase;
			buildActionMask = 2147483647;
			files = (
				22DC83B0295F3A460075961F /* CoreData.framework in Frameworks */,
			);
			runOnlyForDeploymentPostprocessing = 0;
		};
/* End PBXFrameworksBuildPhase section */

/* Begin PBXGroup section */
		22DC838E295F1C020075961F = {
			isa = PBXGroup;
			children = (
				22DC8399295F1C020075961F /* Fitness */,
				22DC8398295F1C020075961F /* Products */,
				22DC83AE295F3A450075961F /* Frameworks */,
			);
			sourceTree = "<group>";
		};
		22DC8398295F1C020075961F /* Products */ = {
			isa = PBXGroup;
			children = (
				22DC8397295F1C020075961F /* Fitness.app */,
			);
			name = Products;
			sourceTree = "<group>";
		};
		22DC8399295F1C020075961F /* Fitness */ = {
			isa = PBXGroup;
			children = (
				22DC83B8296031070075961F /* Info.plist */,
				22DC83AA295F24920075961F /* CategoryListView.swift */,
				22DC839A295F1C020075961F /* FitnessApp.swift */,
				22DC839C295F1C020075961F /* ContentView.swift */,
				22DC83A8295F236D0075961F /* ExerciseListView.swift */,
				22DC839E295F1C040075961F /* Assets.xcassets */,
				22DC83A0295F1C040075961F /* Preview Content */,
				22DC83B1295F416B0075961F /* Model.xcdatamodeld */,
				22DC83B4295F44970075961F /* DataController.swift */,
				22DC83B6295F4C3F0075961F /* AddExerciseView.swift */,
				22DC83B929604A180075961F /* CategoryView.swift */,
				22DC83BB296196B20075961F /* ExerciseView.swift */,
			);
			path = Fitness;
			sourceTree = "<group>";
		};
		22DC83A0295F1C040075961F /* Preview Content */ = {
			isa = PBXGroup;
			children = (
				22DC83A1295F1C040075961F /* Preview Assets.xcassets */,
			);
			path = "Preview Content";
			sourceTree = "<group>";
		};
		22DC83AE295F3A450075961F /* Frameworks */ = {
			isa = PBXGroup;
			children = (
				22DC83AF295F3A460075961F /* CoreData.framework */,
			);
			name = Frameworks;
			sourceTree = "<group>";
		};
/* End PBXGroup section */

/* Begin PBXNativeTarget section */
		22DC8396295F1C020075961F /* Fitness */ = {
			isa = PBXNativeTarget;
			buildConfigurationList = 22DC83A5295F1C040075961F /* Build configuration list for PBXNativeTarget "Fitness" */;
			buildPhases = (
				22DC8393295F1C020075961F /* Sources */,
				22DC8394295F1C020075961F /* Frameworks */,
				22DC8395295F1C020075961F /* Resources */,
			);
			buildRules = (
			);
			dependencies = (
			);
			name = Fitness;
			productName = Fitness;
			productReference = 22DC8397295F1C020075961F /* Fitness.app */;
			productType = "com.apple.product-type.application";
		};
/* End PBXNativeTarget section */

/* Begin PBXProject section */
		22DC838F295F1C020075961F /* Project object */ = {
			isa = PBXProject;
			attributes = {
				BuildIndependentTargetsInParallel = 1;
				LastSwiftUpdateCheck = 1420;
				LastUpgradeCheck = 1420;
				TargetAttributes = {
					22DC8396295F1C020075961F = {
						CreatedOnToolsVersion = 14.2;
					};
				};
			};
			buildConfigurationList = 22DC8392295F1C020075961F /* Build configuration list for PBXProject "Fitness" */;
			compatibilityVersion = "Xcode 14.0";
			developmentRegion = en;
			hasScannedForEncodings = 0;
			knownRegions = (
				en,
				Base,
			);
			mainGroup = 22DC838E295F1C020075961F;
			productRefGroup = 22DC8398295F1C020075961F /* Products */;
			projectDirPath = "";
			projectRoot = "";
			targets = (
				22DC8396295F1C020075961F /* Fitness */,
			);
		};
/* End PBXProject section */

/* Begin PBXResourcesBuildPhase section */
		22DC8395295F1C020075961F /* Resources */ = {
			isa = PBXResourcesBuildPhase;
			buildActionMask = 2147483647;
			files = (
				22DC83A2295F1C040075961F /* Preview Assets.xcassets in Resources */,
				22DC839F295F1C040075961F /* Assets.xcassets in Resources */,
			);
			runOnlyForDeploymentPostprocessing = 0;
		};
/* End PBXResourcesBuildPhase section */

/* Begin PBXSourcesBuildPhase section */
		22DC8393295F1C020075961F /* Sources */ = {
			isa = PBXSourcesBuildPhase;
			buildActionMask = 2147483647;
			files = (
				22DC839D295F1C020075961F /* ContentView.swift in Sources */,
				22DC83B5295F44970075961F /* DataController.swift in Sources */,
				22DC83A9295F236D0075961F /* ExerciseListView.swift in Sources */,
				22DC83BC296196B20075961F /* ExerciseView.swift in Sources */,
				22DC83B7295F4C3F0075961F /* AddExerciseView.swift in Sources */,
				22DC83B3295F416B0075961F /* Model.xcdatamodeld in Sources */,
				22DC83AB295F24920075961F /* CategoryListView.swift in Sources */,
				22DC83BA29604A180075961F /* CategoryView.swift in Sources */,
				22DC839B295F1C020075961F /* FitnessApp.swift in Sources */,
			);
			runOnlyForDeploymentPostprocessing = 0;
		};
/* End PBXSourcesBuildPhase section */

/* Begin XCBuildConfiguration section */
		22DC83A3295F1C040075961F /* Debug */ = {
			isa = XCBuildConfiguration;
			buildSettings = {
				ALWAYS_SEARCH_USER_PATHS = NO;
				CLANG_ANALYZER_NONNULL = YES;
				CLANG_ANALYZER_NUMBER_OBJECT_CONVERSION = YES_AGGRESSIVE;
				CLANG_CXX_LANGUAGE_STANDARD = "gnu++20";
				CLANG_ENABLE_MODULES = YES;
				CLANG_ENABLE_OBJC_ARC = YES;
				CLANG_ENABLE_OBJC_WEAK = YES;
				CLANG_WARN_BLOCK_CAPTURE_AUTORELEASING = YES;
				CLANG_WARN_BOOL_CONVERSION = YES;
				CLANG_WARN_COMMA = YES;
				CLANG_WARN_CONSTANT_CONVERSION = YES;
				CLANG_WARN_DEPRECATED_OBJC_IMPLEMENTATIONS = YES;
				CLANG_WARN_DIRECT_OBJC_ISA_USAGE = YES_ERROR;
				CLANG_WARN_DOCUMENTATION_COMMENTS = YES;
				CLANG_WARN_EMPTY_BODY = YES;
				CLANG_WARN_ENUM_CONVERSION = YES;
				CLANG_WARN_INFINITE_RECURSION = YES;
				CLANG_WARN_INT_CONVERSION = YES;
				CLANG_WARN_NON_LITERAL_NULL_CONVERSION = YES;
				CLANG_WARN_OBJC_IMPLICIT_RETAIN_SELF = YES;
				CLANG_WARN_OBJC_LITERAL_CONVERSION = YES;
				CLANG_WARN_OBJC_ROOT_CLASS = YES_ERROR;
				CLANG_WARN_QUOTED_INCLUDE_IN_FRAMEWORK_HEADER = YES;
				CLANG_WARN_RANGE_LOOP_ANALYSIS = YES;
				CLANG_WARN_STRICT_PROTOTYPES = YES;
				CLANG_WARN_SUSPICIOUS_MOVE = YES;
				CLANG_WARN_UNGUARDED_AVAILABILITY = YES_AGGRESSIVE;
				CLANG_WARN_UNREACHABLE_CODE = YES;
				CLANG_WARN__DUPLICATE_METHOD_MATCH = YES;
				COPY_PHASE_STRIP = NO;
				DEBUG_INFORMATION_FORMAT = dwarf;
				ENABLE_STRICT_OBJC_MSGSEND = YES;
				ENABLE_TESTABILITY = YES;
				GCC_C_LANGUAGE_STANDARD = gnu11;
				GCC_DYNAMIC_NO_PIC = NO;
				GCC_NO_COMMON_BLOCKS = YES;
				GCC_OPTIMIZATION_LEVEL = 0;
				GCC_PREPROCESSOR_DEFINITIONS = (
					"DEBUG=1",
					"$(inherited)",
				);
				GCC_WARN_64_TO_32_BIT_CONVERSION = YES;
				GCC_WARN_ABOUT_RETURN_TYPE = YES_ERROR;
				GCC_WARN_UNDECLARED_SELECTOR = YES;
				GCC_WARN_UNINITIALIZED_AUTOS = YES_AGGRESSIVE;
				GCC_WARN_UNUSED_FUNCTION = YES;
				GCC_WARN_UNUSED_VARIABLE = YES;
				IPHONEOS_DEPLOYMENT_TARGET = 16.2;
				MTL_ENABLE_DEBUG_INFO = INCLUDE_SOURCE;
				MTL_FAST_MATH = YES;
				ONLY_ACTIVE_ARCH = YES;
				SDKROOT = iphoneos;
				SWIFT_ACTIVE_COMPILATION_CONDITIONS = DEBUG;
				SWIFT_OPTIMIZATION_LEVEL = "-Onone";
			};
			name = Debug;
		};
		22DC83A4295F1C040075961F /* Release */ = {
			isa = XCBuildConfiguration;
			buildSettings = {
				ALWAYS_SEARCH_USER_PATHS = NO;
				CLANG_ANALYZER_NONNULL = YES;
				CLANG_ANALYZER_NUMBER_OBJECT_CONVERSION = YES_AGGRESSIVE;
				CLANG_CXX_LANGUAGE_STANDARD = "gnu++20";
				CLANG_ENABLE_MODULES = YES;
				CLANG_ENABLE_OBJC_ARC = YES;
				CLANG_ENABLE_OBJC_WEAK = YES;
				CLANG_WARN_BLOCK_CAPTURE_AUTORELEASING = YES;
				CLANG_WARN_BOOL_CONVERSION = YES;
				CLANG_WARN_COMMA = YES;
				CLANG_WARN_CONSTANT_CONVERSION = YES;
				CLANG_WARN_DEPRECATED_OBJC_IMPLEMENTATIONS = YES;
				CLANG_WARN_DIRECT_OBJC_ISA_USAGE = YES_ERROR;
				CLANG_WARN_DOCUMENTATION_COMMENTS = YES;
				CLANG_WARN_EMPTY_BODY = YES;
				CLANG_WARN_ENUM_CONVERSION = YES;
				CLANG_WARN_INFINITE_RECURSION = YES;
				CLANG_WARN_INT_CONVERSION = YES;
				CLANG_WARN_NON_LITERAL_NULL_CONVERSION = YES;
				CLANG_WARN_OBJC_IMPLICIT_RETAIN_SELF = YES;
				CLANG_WARN_OBJC_LITERAL_CONVERSION = YES;
				CLANG_WARN_OBJC_ROOT_CLASS = YES_ERROR;
				CLANG_WARN_QUOTED_INCLUDE_IN_FRAMEWORK_HEADER = YES;
				CLANG_WARN_RANGE_LOOP_ANALYSIS = YES;
				CLANG_WARN_STRICT_PROTOTYPES = YES;
				CLANG_WARN_SUSPICIOUS_MOVE = YES;
				CLANG_WARN_UNGUARDED_AVAILABILITY = YES_AGGRESSIVE;
				CLANG_WARN_UNREACHABLE_CODE = YES;
				CLANG_WARN__DUPLICATE_METHOD_MATCH = YES;
				COPY_PHASE_STRIP = NO;
				DEBUG_INFORMATION_FORMAT = "dwarf-with-dsym";
				ENABLE_NS_ASSERTIONS = NO;
				ENABLE_STRICT_OBJC_MSGSEND = YES;
				GCC_C_LANGUAGE_STANDARD = gnu11;
				GCC_NO_COMMON_BLOCKS = YES;
				GCC_WARN_64_TO_32_BIT_CONVERSION = YES;
				GCC_WARN_ABOUT_RETURN_TYPE = YES_ERROR;
				GCC_WARN_UNDECLARED_SELECTOR = YES;
				GCC_WARN_UNINITIALIZED_AUTOS = YES_AGGRESSIVE;
				GCC_WARN_UNUSED_FUNCTION = YES;
				GCC_WARN_UNUSED_VARIABLE = YES;
				IPHONEOS_DEPLOYMENT_TARGET = 16.2;
				MTL_ENABLE_DEBUG_INFO = NO;
				MTL_FAST_MATH = YES;
				SDKROOT = iphoneos;
				SWIFT_COMPILATION_MODE = wholemodule;
				SWIFT_OPTIMIZATION_LEVEL = "-O";
				VALIDATE_PRODUCT = YES;
			};
			name = Release;
		};
		22DC83A6295F1C040075961F /* Debug */ = {
			isa = XCBuildConfiguration;
			buildSettings = {
				ASSETCATALOG_COMPILER_APPICON_NAME = AppIcon;
				ASSETCATALOG_COMPILER_GLOBAL_ACCENT_COLOR_NAME = AccentColor;
				CODE_SIGN_STYLE = Automatic;
				CURRENT_PROJECT_VERSION = 1;
				DEVELOPMENT_ASSET_PATHS = "\"Fitness/Preview Content\"";
				DEVELOPMENT_TEAM = X22LNY7NNU;
				ENABLE_PREVIEWS = YES;
				GENERATE_INFOPLIST_FILE = YES;
				INFOPLIST_FILE = Fitness/Info.plist;
				INFOPLIST_KEY_CFBundleDisplayName = Fitness;
				INFOPLIST_KEY_LSApplicationCategoryType = "public.app-category.sports";
				INFOPLIST_KEY_UIApplicationSceneManifest_Generation = YES;
				INFOPLIST_KEY_UIApplicationSupportsIndirectInputEvents = YES;
				INFOPLIST_KEY_UILaunchScreen_Generation = YES;
				INFOPLIST_KEY_UISupportedInterfaceOrientations_iPad = "UIInterfaceOrientationPortrait UIInterfaceOrientationPortraitUpsideDown UIInterfaceOrientationLandscapeLeft UIInterfaceOrientationLandscapeRight";
				INFOPLIST_KEY_UISupportedInterfaceOrientations_iPhone = UIInterfaceOrientationPortrait;
				IPHONEOS_DEPLOYMENT_TARGET = 16.0;
				LD_RUNPATH_SEARCH_PATHS = (
					"$(inherited)",
					"@executable_path/Frameworks",
				);
				MARKETING_VERSION = 1.0;
				PRODUCT_BUNDLE_IDENTIFIER = de.neverseen.Fitness;
				PRODUCT_NAME = "$(TARGET_NAME)";
				SWIFT_EMIT_LOC_STRINGS = YES;
				SWIFT_VERSION = 5.0;
				TARGETED_DEVICE_FAMILY = "1,2";
			};
			name = Debug;
		};
		22DC83A7295F1C040075961F /* Release */ = {
			isa = XCBuildConfiguration;
			buildSettings = {
				ASSETCATALOG_COMPILER_APPICON_NAME = AppIcon;
				ASSETCATALOG_COMPILER_GLOBAL_ACCENT_COLOR_NAME = AccentColor;
				CODE_SIGN_STYLE = Automatic;
				CURRENT_PROJECT_VERSION = 1;
				DEVELOPMENT_ASSET_PATHS = "\"Fitness/Preview Content\"";
				DEVELOPMENT_TEAM = X22LNY7NNU;
				ENABLE_PREVIEWS = YES;
				GENERATE_INFOPLIST_FILE = YES;
				INFOPLIST_FILE = Fitness/Info.plist;
				INFOPLIST_KEY_CFBundleDisplayName = Fitness;
				INFOPLIST_KEY_LSApplicationCategoryType = "public.app-category.sports";
				INFOPLIST_KEY_UIApplicationSceneManifest_Generation = YES;
				INFOPLIST_KEY_UIApplicationSupportsIndirectInputEvents = YES;
				INFOPLIST_KEY_UILaunchScreen_Generation = YES;
				INFOPLIST_KEY_UISupportedInterfaceOrientations_iPad = "UIInterfaceOrientationPortrait UIInterfaceOrientationPortraitUpsideDown UIInterfaceOrientationLandscapeLeft UIInterfaceOrientationLandscapeRight";
				INFOPLIST_KEY_UISupportedInterfaceOrientations_iPhone = UIInterfaceOrientationPortrait;
				IPHONEOS_DEPLOYMENT_TARGET = 16.0;
				LD_RUNPATH_SEARCH_PATHS = (
					"$(inherited)",
					"@executable_path/Frameworks",
				);
				MARKETING_VERSION = 1.0;
				PRODUCT_BUNDLE_IDENTIFIER = de.neverseen.Fitness;
				PRODUCT_NAME = "$(TARGET_NAME)";
				SWIFT_EMIT_LOC_STRINGS = YES;
				SWIFT_VERSION = 5.0;
				TARGETED_DEVICE_FAMILY = "1,2";
			};
			name = Release;
		};
/* End XCBuildConfiguration section */

/* Begin XCConfigurationList section */
		22DC8392295F1C020075961F /* Build configuration list for PBXProject "Fitness" */ = {
			isa = XCConfigurationList;
			buildConfigurations = (
				22DC83A3295F1C040075961F /* Debug */,
				22DC83A4295F1C040075961F /* Release */,
			);
			defaultConfigurationIsVisible = 0;
			defaultConfigurationName = Release;
		};
		22DC83A5295F1C040075961F /* Build configuration list for PBXNativeTarget "Fitness" */ = {
			isa = XCConfigurationList;
			buildConfigurations = (
				22DC83A6295F1C040075961F /* Debug */,
				22DC83A7295F1C040075961F /* Release */,
			);
			defaultConfigurationIsVisible = 0;
			defaultConfigurationName = Release;
		};
/* End XCConfigurationList section */

/* Begin XCVersionGroup section */
		22DC83B1295F416B0075961F /* Model.xcdatamodeld */ = {
			isa = XCVersionGroup;
			children = (
				22DC83B2295F416B0075961F /* Model.xcdatamodel */,
			);
			currentVersion = 22DC83B2295F416B0075961F /* Model.xcdatamodel */;
			path = Model.xcdatamodeld;
			sourceTree = "<group>";
			versionGroupType = wrapper.xcdatamodel;
		};
/* End XCVersionGroup section */
	};
	rootObject = 22DC838F295F1C020075961F /* Project object */;
}
